
Microsoft Visual Studio Solution File, Format Version 12.00
# Visual Studio 15
VisualStudioVersion = 15.0.27004.2005
MinimumVisualStudioVersion = 10.0.40219.1
Project("{151D2E53-A2C4-4D7D-83FE-D05416EBD58E}") = "SharePointDEV", "SharePointDEV.deployproj", "{4F04C696-7FFD-4E2A-A990-857B388C6FE4}"
EndProject
Global
	GlobalSection(SolutionConfigurationPlatforms) = preSolution
		Debug|Any CPU = Debug|Any CPU
		Release|Any CPU = Release|Any CPU
	EndGlobalSection
	GlobalSection(ProjectConfigurationPlatforms) = postSolution
		{4F04C696-7FFD-4E2A-A990-857B388C6FE4}.Debug|Any CPU.ActiveCfg = Debug|Any CPU
		{4F04C696-7FFD-4E2A-A990-857B388C6FE4}.Debug|Any CPU.Build.0 = Debug|Any CPU
		{4F04C696-7FFD-4E2A-A990-857B388C6FE4}.Release|Any CPU.ActiveCfg = Release|Any CPU
		{4F04C696-7FFD-4E2A-A990-857B388C6FE4}.Release|Any CPU.Build.0 = Release|Any CPU
	EndGlobalSection
	GlobalSection(SolutionProperties) = preSolution
		HideSolutionNode = FALSE
	EndGlobalSection
	GlobalSection(ExtensibilityGlobals) = postSolution
		SolutionGuid = {F6C6486B-047B-41BD-A035-A4A3524E473B}
	EndGlobalSection
EndGlobal
